
Microsoft Visual Studio Solution File, Format Version 12.00
# Visual Studio Version 16
VisualStudioVersion = 16.0.29709.97
MinimumVisualStudioVersion = 10.0.40219.1
Project("{FAE04EC0-301F-11D3-BF4B-00C04F79EFBC}") = "Project 1", "Project 1.csproj", "{CEFBC4D3-360C-42C2-BF83-332C6993D457}"
EndProject
Global
	GlobalSection(SolutionConfigurationPlatforms) = preSolution
		Debug|Any CPU = Debug|Any CPU
		Release|Any CPU = Release|Any CPU
	EndGlobalSection
	GlobalSection(ProjectConfigurationPlatforms) = postSolution
		{CEFBC4D3-360C-42C2-BF83-332C6993D457}.Debug|Any CPU.ActiveCfg = Debug|Any CPU
		{CEFBC4D3-360C-42C2-BF83-332C6993D457}.Debug|Any CPU.Build.0 = Debug|Any CPU
		{CEFBC4D3-360C-42C2-BF83-332C6993D457}.Release|Any CPU.ActiveCfg = Release|Any CPU
		{CEFBC4D3-360C-42C2-BF83-332C6993D457}.Release|Any CPU.Build.0 = Release|Any CPU
	EndGlobalSection
	GlobalSection(SolutionProperties) = preSolution
		HideSolutionNode = FALSE
	EndGlobalSection
	GlobalSection(ExtensibilityGlobals) = postSolution
		SolutionGuid = {96E9E6F6-1F52-4CC6-8670-DCB212D75C58}
	EndGlobalSection
EndGlobal
