
Microsoft Visual Studio Solution File, Format Version 12.00
# Visual Studio Version 16
VisualStudioVersion = 16.0.29709.97
MinimumVisualStudioVersion = 10.0.40219.1
Project("{FAE04EC0-301F-11D3-BF4B-00C04F79EFBC}") = "Heap Insert", "Heap Insert\Heap Insert.csproj", "{18EC9D08-7E56-43DA-B491-1A9F26696421}"
EndProject
Global
	GlobalSection(SolutionConfigurationPlatforms) = preSolution
		Debug|Any CPU = Debug|Any CPU
		Release|Any CPU = Release|Any CPU
	EndGlobalSection
	GlobalSection(ProjectConfigurationPlatforms) = postSolution
		{18EC9D08-7E56-43DA-B491-1A9F26696421}.Debug|Any CPU.ActiveCfg = Debug|Any CPU
		{18EC9D08-7E56-43DA-B491-1A9F26696421}.Debug|Any CPU.Build.0 = Debug|Any CPU
		{18EC9D08-7E56-43DA-B491-1A9F26696421}.Release|Any CPU.ActiveCfg = Release|Any CPU
		{18EC9D08-7E56-43DA-B491-1A9F26696421}.Release|Any CPU.Build.0 = Release|Any CPU
	EndGlobalSection
	GlobalSection(SolutionProperties) = preSolution
		HideSolutionNode = FALSE
	EndGlobalSection
	GlobalSection(ExtensibilityGlobals) = postSolution
		SolutionGuid = {0163FB6A-AA1C-4446-86A9-1D8F6343D6BC}
	EndGlobalSection
EndGlobal
