
Microsoft Visual Studio Solution File, Format Version 12.00
# Visual Studio Version 16
VisualStudioVersion = 16.0.29709.97
MinimumVisualStudioVersion = 10.0.40219.1
Project("{FAE04EC0-301F-11D3-BF4B-00C04F79EFBC}") = "LCS", "LCS.csproj", "{F701FDF5-D79B-45A3-BF7F-9878B275D037}"
EndProject
Global
	GlobalSection(SolutionConfigurationPlatforms) = preSolution
		Debug|Any CPU = Debug|Any CPU
		Release|Any CPU = Release|Any CPU
	EndGlobalSection
	GlobalSection(ProjectConfigurationPlatforms) = postSolution
		{F701FDF5-D79B-45A3-BF7F-9878B275D037}.Debug|Any CPU.ActiveCfg = Debug|Any CPU
		{F701FDF5-D79B-45A3-BF7F-9878B275D037}.Debug|Any CPU.Build.0 = Debug|Any CPU
		{F701FDF5-D79B-45A3-BF7F-9878B275D037}.Release|Any CPU.ActiveCfg = Release|Any CPU
		{F701FDF5-D79B-45A3-BF7F-9878B275D037}.Release|Any CPU.Build.0 = Release|Any CPU
	EndGlobalSection
	GlobalSection(SolutionProperties) = preSolution
		HideSolutionNode = FALSE
	EndGlobalSection
	GlobalSection(ExtensibilityGlobals) = postSolution
		SolutionGuid = {EC996A30-97EB-44F9-96B3-1C4209C4CC12}
	EndGlobalSection
EndGlobal
